{
  "version": "3",
  "packages": {
    "specifiers": {
      "jsr:@hono/hono@^4.5.6": "jsr:@hono/hono@4.5.6",
      "jsr:@std/crypto@^1.0.2": "jsr:@std/crypto@1.0.2",
      "jsr:@std/dotenv": "jsr:@std/dotenv@0.225.0",
      "jsr:@std/encoding@^1.0.2": "jsr:@std/encoding@1.0.2",
      "jsr:@std/http@^0.224.4": "jsr:@std/http@0.224.5",
      "npm:@xata.io/client@latest": "npm:@xata.io/client@0.30.0_typescript@5.5.4"
    },
    "jsr": {
      "@hono/hono@4.5.6": {
        "integrity": "6b156968a5f34e97aa96a530ae67740190c1f8a045855342ce289cc5e9ce0a54"
      },
      "@std/crypto@1.0.2": {
        "integrity": "bb515dbcd4d67aacf0ffece643a434811ea06e5b544f03c33ba58552fbdb87c7"
      },
      "@std/dotenv@0.225.0": {
        "integrity": "44db32932c67df82790a3e6847d7007befb6cc22d71f2f3ee7b7d00e1f0d6c94"
      },
      "@std/encoding@1.0.2": {
        "integrity": "7ed640c777e3275550e2cd937c440acdbebfdcd2d13ef67052f0536bf43e707f"
      },
      "@std/http@0.224.5": {
        "integrity": "b03b5d1529f6c423badfb82f6640f9f2557b4034cd7c30655ba5bb447ff750a4"
      }
    },
    "npm": {
      "@xata.io/client@0.30.0_typescript@5.5.4": {
        "integrity": "sha512-+mVC4hnYZutcNg+ivBcsJxVXuBrcyidB/ogW6iDAsJtKXpPNbhGNL77v6sGXxzKYxjtDsK/EOntmYjZT3mgo7g==",
        "dependencies": {
          "typescript": "typescript@5.5.4"
        }
      },
      "typescript@5.5.4": {
        "integrity": "sha512-Mtq29sKDAEYP7aljRgtPOpTvOfbwRWlS6dPRzwjdE+C0R4brX/GUyhHSecbHMFLNBLcJIPt9nl9yG5TZ1weH+Q==",
        "dependencies": {}
      }
    }
  },
  "remote": {
    "https://esm.sh/podcast-partytime@4.8.0": "c43c38fb7c065e3b08acf1a9ba456b02e852fa78082ca188f4d98b762c06967d",
    "https://esm.sh/v135/dotenv@10.0.0/denonext/dotenv.mjs": "3d8133851237ad380a1f9e8ee9b83904593301b9c751f29f51825ed799dc5a4f",
    "https://esm.sh/v135/fast-xml-parser@3.21.1/denonext/fast-xml-parser.mjs": "17df1c27ff89fea389a326c27a66542f2b2e6e640bfc32dfd561d132f50f63ac",
    "https://esm.sh/v135/he@1.2.0/denonext/he.mjs": "1ffb3a2e1892578e01267fda4b32f30dd0b4b3be7393fe239b0ea30cf1d654c7",
    "https://esm.sh/v135/node_fetch.js": "b11355358cf61343a3c30bd5942df60a3586d13e2c979b515164bfe851662798",
    "https://esm.sh/v135/pino@7.11.0/denonext/pino.mjs": "dff4b3bfffdade6173b0d12c98cd300c2dc6c3e51bc76d3ff9e17c3e6a83287c",
    "https://esm.sh/v135/podcast-partytime@4.8.0/denonext/podcast-partytime.mjs": "7256c9cc64cf4d7a7370657a4b32149ed7d1e5780460472c78a4cebbb8cb5690",
    "https://esm.sh/v135/quick-format-unescaped@4.0.4/denonext/quick-format-unescaped.mjs": "8d809d8d3f13d10e7f9e5f119af5d73ebb533999cb8f35f88aa4f4dc9fba2662",
    "https://esm.sh/v135/ramda@0.27.2/denonext/src/concat.js": "cfa2c25a25febf2a5c24c5252732f738572805fb965f4e29456d03d58506034c",
    "https://esm.sh/v135/ramda@0.27.2/denonext/src/mergeDeepRight.js": "2c13947dbca7fb670f92d8b1a94e811e774d7686d88bfceb38f42fa1d3fdb1f4",
    "https://esm.sh/v135/ramda@0.27.2/denonext/src/mergeWith.js": "638013668419e8e81cf61fe0c76ae7078522b2af1a376662bbea7b5d1feeb892",
    "https://esm.sh/v135/ramda@0.27.2/denonext/src/zip.js": "486ce57b52304daef375f62508ba382234aafe7703ec45aa2dbdec097b079200",
    "https://esm.sh/v135/strnum@1.0.5/denonext/strnum.mjs": "1ffef4adec2f74139e36a2bfed8381880541396fe1c315779fb22e081b17468b"
  },
  "workspace": {
    "dependencies": [
      "jsr:@hono/hono@^4.5.6",
      "jsr:@std/crypto@^1.0.2",
      "jsr:@std/dotenv",
      "jsr:@std/encoding@^1.0.2",
      "jsr:@std/http@^0.224.4"
    ]
  }
}
