{
  "version": "3",
  "packages": {
    "specifiers": {
      "npm:@types/node": "npm:@types/node@18.16.19"
    },
    "npm": {
      "@types/node@18.16.19": {
        "integrity": "sha512-IXl7o+R9iti9eBW4Wg2hx1xQDig183jj7YLn8F7udNceyfkbn1ZxmzZXuak20gR40D7pIkIY1kYGx5VIGbaHKA==",
        "dependencies": {}
      }
    }
  },
  "redirects": {
    "https://deno.land/x/hono/helper.ts": "https://deno.land/x/hono@v3.10.0/helper.ts",
    "https://deno.land/x/hono/middleware.ts": "https://deno.land/x/hono@v3.10.0-rc.2/middleware.ts",
    "https://deno.land/x/hono/mod.ts": "https://deno.land/x/hono@v3.10.0-rc.2/mod.ts"
  },
  "remote": {
    "https://deno.land/std@0.193.0/_util/asserts.ts": "178dfc49a464aee693a7e285567b3d0b555dc805ff490505a8aae34f9cfb1462",
    "https://deno.land/std@0.193.0/_util/os.ts": "d932f56d41e4f6a6093d56044e29ce637f8dcc43c5a90af43504a889cf1775e3",
    "https://deno.land/std@0.193.0/async/deferred.ts": "42790112f36a75a57db4a96d33974a936deb7b04d25c6084a9fa8a49f135def8",
    "https://deno.land/std@0.193.0/bytes/bytes_list.ts": "31d664f4d42fa922066405d0e421c56da89d751886ee77bbe25a88bf0310c9d0",
    "https://deno.land/std@0.193.0/bytes/concat.ts": "d26d6f3d7922e6d663dacfcd357563b7bf4a380ce5b9c2bbe0c8586662f25ce2",
    "https://deno.land/std@0.193.0/bytes/copy.ts": "939d89e302a9761dcf1d9c937c7711174ed74c59eef40a1e4569a05c9de88219",
    "https://deno.land/std@0.193.0/bytes/ends_with.ts": "4228811ebc71615d27f065c54b5e815ec1972538772b0f413c0efe05245b472e",
    "https://deno.land/std@0.193.0/bytes/equals.ts": "fc190cce412b2136979181b163ec7e05f7e7a947e39102eee4b8c0d62519ddf9",
    "https://deno.land/std@0.193.0/bytes/includes_needle.ts": "76a8163126fb2f8bf86fd7f22192c3bb04bf6a20b987a095127c2ca08adf3ba6",
    "https://deno.land/std@0.193.0/bytes/index_of_needle.ts": "9c06610e9611b5647ac25952e71a22e09227c9f1b8cbeeb33399bf8bf8a7f649",
    "https://deno.land/std@0.193.0/bytes/last_index_of_needle.ts": "f1602f221c3b678bc4f1e1c88a70a15ab7da32c21751dbbc6c957c956951d784",
    "https://deno.land/std@0.193.0/bytes/mod.ts": "e869bba1e7a2e3a9cc6c2d55471888429a544e70a840c087672e656e7ba21815",
    "https://deno.land/std@0.193.0/bytes/repeat.ts": "6f5e490d8d72bcbf8d84a6bb04690b9b3eb5822c5a11687bca73a2318a842294",
    "https://deno.land/std@0.193.0/bytes/starts_with.ts": "3e607a70c9c09f5140b7a7f17a695221abcc7244d20af3eb47ccbb63f5885135",
    "https://deno.land/std@0.193.0/crypto/keystack.ts": "877ab0f19eb7d37ad6495190d3c3e39f58e9c52e0b6a966f82fd6df67ca55f90",
    "https://deno.land/std@0.193.0/crypto/timing_safe_equal.ts": "0fae34ee02264f309ae0b6e54e9746a7aba3996e5454903ed106967a7a9ef665",
    "https://deno.land/std@0.193.0/encoding/base64.ts": "144ae6234c1fbe5b68666c711dc15b1e9ee2aef6d42b3b4345bf9a6c91d70d0d",
    "https://deno.land/std@0.193.0/encoding/base64url.ts": "2ed4ba122b20fedf226c5d337cf22ee2024fa73a8f85d915d442af7e9ce1fae1",
    "https://deno.land/std@0.193.0/http/_negotiation/common.ts": "14d1a52427ab258a4b7161cd80e1d8a207b7cc64b46e911780f57ead5f4323c6",
    "https://deno.land/std@0.193.0/http/_negotiation/encoding.ts": "ff747d107277c88cb7a6a62a08eeb8d56dad91564cbcccb30694d5dc126dcc53",
    "https://deno.land/std@0.193.0/http/_negotiation/language.ts": "7bcddd8db3330bdb7ce4fc00a213c5547c1968139864201efd67ef2d0d51887d",
    "https://deno.land/std@0.193.0/http/_negotiation/media_type.ts": "58847517cd549384ad677c0fe89e0a4815be36fe7a303ea63cee5f6a1d7e1692",
    "https://deno.land/std@0.193.0/http/cookie_map.ts": "d148a5eaf35f19905dd5104126fa47ac71105306dd42f129732365e43108b28a",
    "https://deno.land/std@0.193.0/http/etag.ts": "6ad8abbbb1045aabf2307959a2c5565054a8bf01c9824ddee836b1ff22706a58",
    "https://deno.land/std@0.193.0/http/http_errors.ts": "bbda34819060af86537cecc9dc8e045f877130808b7e7acde4197c5328e852d0",
    "https://deno.land/std@0.193.0/http/http_status.ts": "8a7bcfe3ac025199ad804075385e57f63d055b2aed539d943ccc277616d6f932",
    "https://deno.land/std@0.193.0/http/method.ts": "e66c2a015cb46c21ab0bb3589aa4fca43143a506cb324ffdfd42d2edef7bc0c4",
    "https://deno.land/std@0.193.0/http/negotiation.ts": "46e74a6bad4b857333a58dc5b50fe8e5a4d5267e97292293ea65f980bd918086",
    "https://deno.land/std@0.193.0/http/server_sent_event.ts": "1f3597d175e8935123306a24d7f4423a463667a70953d17b4115af1880459d55",
    "https://deno.land/std@0.193.0/http/user_agent.ts": "6f4308670f261118cc6a1518bf37431a5b4f21322b4a4edf0963e182264ce404",
    "https://deno.land/std@0.193.0/io/buf_reader.ts": "06fff3337091c49e99ebd2dd790c9a90364c087a2953ea081667400fd6c6cebb",
    "https://deno.land/std@0.193.0/io/buf_writer.ts": "48c33c8f00b61dcbc7958706741cec8e59810bd307bc6a326cbd474fe8346dfd",
    "https://deno.land/std@0.193.0/io/buffer.ts": "17f4410eaaa60a8a85733e8891349a619eadfbbe42e2f319283ce2b8f29723ab",
    "https://deno.land/std@0.193.0/io/copy_n.ts": "0cc7ce07c75130f6fc18621ec1911c36e147eb9570664fee0ea12b1988167590",
    "https://deno.land/std@0.193.0/io/limited_reader.ts": "6c9a216f8eef39c1ee2a6b37a29372c8fc63455b2eeb91f06d9646f8f759fc8b",
    "https://deno.land/std@0.193.0/io/mod.ts": "2665bcccc1fd6e8627cca167c3e92aaecbd9897556b6f69e6d258070ef63fd9b",
    "https://deno.land/std@0.193.0/io/multi_reader.ts": "9c2a0a31686c44b277e16da1d97b4686a986edcee48409b84be25eedbc39b271",
    "https://deno.land/std@0.193.0/io/read_delim.ts": "c02b93cc546ae8caad8682ae270863e7ace6daec24c1eddd6faabc95a9d876a3",
    "https://deno.land/std@0.193.0/io/read_int.ts": "7cb8bcdfaf1107586c3bacc583d11c64c060196cb070bb13ae8c2061404f911f",
    "https://deno.land/std@0.193.0/io/read_lines.ts": "c526c12a20a9386dc910d500f9cdea43cba974e853397790bd146817a7eef8cc",
    "https://deno.land/std@0.193.0/io/read_long.ts": "f0aaa420e3da1261c5d33c5e729f09922f3d9fa49f046258d4ff7a00d800c71e",
    "https://deno.land/std@0.193.0/io/read_range.ts": "28152daf32e43dd9f7d41d8466852b0d18ad766cd5c4334c91fef6e1b3a74eb5",
    "https://deno.land/std@0.193.0/io/read_short.ts": "805cb329574b850b84bf14a92c052c59b5977a492cd780c41df8ad40826c1a20",
    "https://deno.land/std@0.193.0/io/read_string_delim.ts": "5dc9f53bdf78e7d4ee1e56b9b60352238ab236a71c3e3b2a713c3d78472a53ce",
    "https://deno.land/std@0.193.0/io/slice_long_to_bytes.ts": "48d9bace92684e880e46aa4a2520fc3867f9d7ce212055f76ecc11b22f9644b7",
    "https://deno.land/std@0.193.0/io/string_reader.ts": "da0f68251b3d5b5112485dfd4d1b1936135c9b4d921182a7edaf47f74c25cc8f",
    "https://deno.land/std@0.193.0/io/string_writer.ts": "8a03c5858c24965a54c6538bed15f32a7c72f5704a12bda56f83a40e28e5433e",
    "https://deno.land/std@0.193.0/media_types/_db.ts": "7606d83e31f23ce1a7968cbaee852810c2cf477903a095696cdc62eaab7ce570",
    "https://deno.land/std@0.193.0/media_types/_util.ts": "916efbd30b6148a716f110e67a4db29d6949bf4048997b754415dd7e42c52378",
    "https://deno.land/std@0.193.0/media_types/content_type.ts": "ad98a5aa2d95f5965b2796072284258710a25e520952376ed432b0937ce743bc",
    "https://deno.land/std@0.193.0/media_types/extension.ts": "a7cd28c9417143387cdfed27d4e8607ebcf5b1ec27eb8473d5b000144689fe65",
    "https://deno.land/std@0.193.0/media_types/extensions_by_type.ts": "43806d6a52a0d6d965ada9d20e60a982feb40bc7a82268178d94edb764694fed",
    "https://deno.land/std@0.193.0/media_types/format_media_type.ts": "f5e1073c05526a6f5a516ac5c5587a1abd043bf1039c71cde1166aa4328c8baf",
    "https://deno.land/std@0.193.0/media_types/get_charset.ts": "18b88274796fda5d353806bf409eb1d2ddb3f004eb4bd311662c4cdd8ac173db",
    "https://deno.land/std@0.193.0/media_types/mod.ts": "d3f0b99f85053bc0b98ecc24eaa3546dfa09b856dc0bbaf60d8956d2cdd710c8",
    "https://deno.land/std@0.193.0/media_types/parse_media_type.ts": "835c4112e1357e95b4f10d7cdea5ae1801967e444f48673ff8f1cb4d32af9920",
    "https://deno.land/std@0.193.0/media_types/type_by_extension.ts": "daa801eb0f11cdf199445d0f1b656cf116d47dcf9e5b85cc1e6b4469f5ee0432",
    "https://deno.land/std@0.193.0/media_types/vendor/mime-db.v1.52.0.ts": "6925bbcae81ca37241e3f55908d0505724358cda3384eaea707773b2c7e99586",
    "https://deno.land/std@0.193.0/path/_constants.ts": "e49961f6f4f48039c0dfed3c3f93e963ca3d92791c9d478ac5b43183413136e0",
    "https://deno.land/std@0.193.0/path/_interface.ts": "6471159dfbbc357e03882c2266d21ef9afdb1e4aa771b0545e90db58a0ba314b",
    "https://deno.land/std@0.193.0/path/_util.ts": "d7abb1e0dea065f427b89156e28cdeb32b045870acdf865833ba808a73b576d0",
    "https://deno.land/std@0.193.0/path/common.ts": "ee7505ab01fd22de3963b64e46cff31f40de34f9f8de1fff6a1bd2fe79380000",
    "https://deno.land/std@0.193.0/path/glob.ts": "d479e0a695621c94d3fd7fe7abd4f9499caf32a8de13f25073451c6ef420a4e1",
    "https://deno.land/std@0.193.0/path/mod.ts": "f065032a7189404fdac3ad1a1551a9ac84751d2f25c431e101787846c86c79ef",
    "https://deno.land/std@0.193.0/path/posix.ts": "8b7c67ac338714b30c816079303d0285dd24af6b284f7ad63da5b27372a2c94d",
    "https://deno.land/std@0.193.0/path/separator.ts": "0fb679739d0d1d7bf45b68dacfb4ec7563597a902edbaf3c59b50d5bcadd93b1",
    "https://deno.land/std@0.193.0/path/win32.ts": "d186344e5583bcbf8b18af416d13d82b35a317116e6460a5a3953508c3de5bba",
    "https://deno.land/std@0.193.0/streams/_common.ts": "f45cba84f0d813de3326466095539602364a9ba521f804cc758f7a475cda692d",
    "https://deno.land/std@0.193.0/streams/buffer.ts": "d5b3d7d0299114e5b2ea895a8bf202a687fd915c5282f8096c7bae23b5a04407",
    "https://deno.land/std@0.193.0/streams/byte_slice_stream.ts": "225d57263a34325d7c96cb3dafeb478eec0e6fd05cd0458d678752eadd132bb4",
    "https://deno.land/std@0.193.0/streams/copy.ts": "75cbc795ff89291df22ddca5252de88b2e16d40c85d02840593386a8a1454f71",
    "https://deno.land/std@0.193.0/streams/delimiter_stream.ts": "f69e849b3d1f59f02424497273f411105a6f76a9f13da92aeeb9a2d554236814",
    "https://deno.land/std@0.193.0/streams/early_zip_readable_streams.ts": "4005fa74162b943f79899e5d7cb96adcbc0a6b867f9144974ed12d30e0a556e1",
    "https://deno.land/std@0.193.0/streams/iterate_reader.ts": "bbec1d45c2df2c0c5920bad0549351446fdc8e0886d99e95959b259dbcdb6072",
    "https://deno.land/std@0.193.0/streams/limited_bytes_transform_stream.ts": "05dc592ffaab83257494d22dd53917e56243c26e5e3129b3f13ddbbbc4785048",
    "https://deno.land/std@0.193.0/streams/limited_transform_stream.ts": "d69ab790232c1b86f53621ad41ef03c235f2abb4b7a1cd51960ad6e12ee55e38",
    "https://deno.land/std@0.193.0/streams/merge_readable_streams.ts": "dc2db0cbf1b14d999aa2aa2a2a1ba24ce58953878f29845ed9319321d0a01fab",
    "https://deno.land/std@0.193.0/streams/mod.ts": "c07ec010e700b9ea887dc36ca08729828bc7912f711e4054e24d33fd46282252",
    "https://deno.land/std@0.193.0/streams/read_all.ts": "ee319772fb0fd28302f97343cc48dfcf948f154fd0d755d8efe65814b70533be",
    "https://deno.land/std@0.193.0/streams/readable_stream_from_iterable.ts": "cd4bb9e9bf6dbe84c213beb1f5085c326624421671473e410cfaecad15f01865",
    "https://deno.land/std@0.193.0/streams/readable_stream_from_reader.ts": "bfc416c4576a30aac6b9af22c9dc292c20c6742141ee7c55b5e85460beb0c54e",
    "https://deno.land/std@0.193.0/streams/reader_from_iterable.ts": "55f68110dce3f8f2c87b834d95f153bc904257fc65175f9f2abe78455cb8047c",
    "https://deno.land/std@0.193.0/streams/reader_from_stream_reader.ts": "fa4971e5615a010e49492c5d1688ca1a4d17472a41e98b498ab89a64ebd7ac73",
    "https://deno.land/std@0.193.0/streams/text_delimiter_stream.ts": "20e680ab8b751390e359288ce764f9c47d164af11a263870746eeca4bc7d976b",
    "https://deno.land/std@0.193.0/streams/text_line_stream.ts": "0f2c4b33a5fdb2476f2e060974cba1347cefe99a4af33c28a57524b1a34750fa",
    "https://deno.land/std@0.193.0/streams/to_transform_stream.ts": "7f55fc0b14cf3ed0f8d10d8f41d05bdc40726e44a65c37f58705d10a615f0159",
    "https://deno.land/std@0.193.0/streams/writable_stream_from_writer.ts": "56fff5c82fb736fdd669b567cc0b2bbbe0351002cd13254eae26c366e2bed89a",
    "https://deno.land/std@0.193.0/streams/write_all.ts": "aec90152978581ea62d56bb53a5cbf487e6a89c902f87c5969681ffbdf32b998",
    "https://deno.land/std@0.193.0/streams/writer_from_stream_writer.ts": "07c7ee025151a190f37fc42cbb01ff93afc949119ebddc6e0d0df14df1bf6950",
    "https://deno.land/std@0.193.0/streams/zip_readable_streams.ts": "a9d81aa451240f79230add674809dbee038d93aabe286e2d9671e66591fc86ca",
    "https://deno.land/std@0.200.0/assert/assert.ts": "9a97dad6d98c238938e7540736b826440ad8c1c1e54430ca4c4e623e585607ee",
    "https://deno.land/std@0.200.0/assert/assertion_error.ts": "4d0bde9b374dfbcbe8ac23f54f567b77024fb67dbb1906a852d67fe050d42f56",
    "https://deno.land/std@0.200.0/collections/filter_values.ts": "16e1fc456a7969e770ec5b89edf5ac97b295ca534b47c1a83f061b409aad7814",
    "https://deno.land/std@0.200.0/collections/without_all.ts": "1e3cccb1ed0659455b473c0766d9414b7710d8cef48862c899f445178f66b779",
    "https://deno.land/std@0.200.0/crypto/_fnv/fnv32.ts": "e4649dfdefc5c987ed53c3c25db62db771a06d9d1b9c36d2b5cf0853b8e82153",
    "https://deno.land/std@0.200.0/crypto/_fnv/fnv64.ts": "bfa0e4702061fdb490a14e6bf5f9168a22fb022b307c5723499469bfefca555e",
    "https://deno.land/std@0.200.0/crypto/_fnv/mod.ts": "f956a95f58910f223e420340b7404702ecd429603acd4491fa77af84f746040c",
    "https://deno.land/std@0.200.0/crypto/_fnv/util.ts": "accba12bfd80a352e32a872f87df2a195e75561f1b1304a4cb4f5a4648d288f9",
    "https://deno.land/std@0.200.0/crypto/_wasm/lib/deno_std_wasm_crypto.generated.mjs": "85b50eee2e511584698c04f1d84155e57452ea963106fee64987c326e9e5d25d",
    "https://deno.land/std@0.200.0/crypto/_wasm/mod.ts": "973058e70052c98292b567d1c8396dffc28d6dfc6a44f0763032f6fbdf5222f5",
    "https://deno.land/std@0.200.0/crypto/crypto.ts": "731dffeb3054ddca38e6279a6ad718abef0fb6e218639c496d1c208db70e55e4",
    "https://deno.land/std@0.200.0/crypto/keystack.ts": "877ab0f19eb7d37ad6495190d3c3e39f58e9c52e0b6a966f82fd6df67ca55f90",
    "https://deno.land/std@0.200.0/crypto/mod.ts": "ae384519e85eca9aeff4e7111ed153df8f3dbda7b35b70850ed4b3e9c8cec4d5",
    "https://deno.land/std@0.200.0/crypto/timing_safe_equal.ts": "7b0a4d2ef1c17590e0ad6c0cb1776369d2ba80cd99e945005e117851690507fe",
    "https://deno.land/std@0.200.0/crypto/to_hash_string.ts": "6927c768f3e373a1be4a31555a45ccecf7bd413105455cc334ad3f908cfa986f",
    "https://deno.land/std@0.200.0/dotenv/load.ts": "0636983549b98f29ab75c9a22a42d9723f0a389ece5498fe971e7bb2556a12e2",
    "https://deno.land/std@0.200.0/dotenv/mod.ts": "2caa157ee5afbf74bd85bd6e8f286cb6363a1e4d10cf3376223346b33a7ea75e",
    "https://deno.land/std@0.200.0/encoding/base64.ts": "144ae6234c1fbe5b68666c711dc15b1e9ee2aef6d42b3b4345bf9a6c91d70d0d",
    "https://deno.land/std@0.200.0/encoding/base64url.ts": "2ed4ba122b20fedf226c5d337cf22ee2024fa73a8f85d915d442af7e9ce1fae1",
    "https://deno.land/std@0.200.0/encoding/hex.ts": "b4b1a7cb678745b0bf181ed8cf2498c7be00d121a7de244b752fbf9c7d9c48cd",
    "https://deno.land/std@0.206.0/http/status.ts": "1353e82e27996ef123dc625e5fcc9d66b94d92e5175879fa5e9f0dc39330206a",
    "https://deno.land/x/hono@v3.10.0-rc.2/adapter/deno/serve-static.ts": "ba10cf6aaf39da942b0d49c3b9877ddba69d41d414c6551d890beb1085f58eea",
    "https://deno.land/x/hono@v3.10.0-rc.2/client/client.ts": "ff340f58041203879972dd368b011ed130c66914f789826610869a90603406bf",
    "https://deno.land/x/hono@v3.10.0-rc.2/client/index.ts": "3ff4cf246f3543f827a85a2c84d66a025ac350ee927613629bda47e854bfb7ba",
    "https://deno.land/x/hono@v3.10.0-rc.2/client/utils.ts": "053273c002963b549d38268a1b423ac8ca211a8028bdab1ed0b781a62aa5e661",
    "https://deno.land/x/hono@v3.10.0-rc.2/compose.ts": "501c8ada9d9b0fb375e3c9954ce7c4922cf562bfec8e80744bac47020754034d",
    "https://deno.land/x/hono@v3.10.0-rc.2/context.ts": "cc79c2c40433a8ca6ae3c963d4e2de7f139982952057957839341ed93f260b8b",
    "https://deno.land/x/hono@v3.10.0-rc.2/helper/cookie/index.ts": "55ccd20bbd8d9a8bb2ecd998e90845c1d306c19027f54b3d1b89a5be35968b80",
    "https://deno.land/x/hono@v3.10.0-rc.2/helper/html/index.ts": "a5028d8170dcc030d003749e743213e6532ff65798b741b81220207abc9af82d",
    "https://deno.land/x/hono@v3.10.0-rc.2/hono-base.ts": "998ec910cbe0353407e95b93b7722fa1e39c23a06aa35552ab03441380fd4579",
    "https://deno.land/x/hono@v3.10.0-rc.2/hono.ts": "2cc4c292e541463a4d6f83edbcea58048d203e9564ae62ec430a3d466b49a865",
    "https://deno.land/x/hono@v3.10.0-rc.2/http-exception.ts": "6071df078b5f76d279684d52fe82a590f447a64ffe1b75eb5064d0c8a8d2d676",
    "https://deno.land/x/hono@v3.10.0-rc.2/jsx/index.ts": "82457f27d59b671f4c2265fc1fd8c111f847a77ec18d7ac0f5dd362c5df53ecc",
    "https://deno.land/x/hono@v3.10.0-rc.2/middleware.ts": "57b2047c4b9d775a052a9c44a3b805802c1d1cb477ab9c4bb6185d27382d1b96",
    "https://deno.land/x/hono@v3.10.0-rc.2/middleware/basic-auth/index.ts": "5505288ccf9364f56f7be2dfac841543b72e20656e54ac646a1a73a0aa853261",
    "https://deno.land/x/hono@v3.10.0-rc.2/middleware/bearer-auth/index.ts": "d11fe14e0a3006f6d35c391e455fe20d8ece9561e48b6a5580e4b87dd491cd90",
    "https://deno.land/x/hono@v3.10.0-rc.2/middleware/cache/index.ts": "9e5d31d33206bb5dba46dde16ed606dd2cb361d75c26b02e02c72bd1fb6fe53e",
    "https://deno.land/x/hono@v3.10.0-rc.2/middleware/compress/index.ts": "85d315c9a942d7758e5c524dc94b736124646a56752e56c6e4284f3989b4692a",
    "https://deno.land/x/hono@v3.10.0-rc.2/middleware/cors/index.ts": "d481eba7e05d3448cd326d3dca8b9c7e16ecf0d27a37fd7d700485834123ae5e",
    "https://deno.land/x/hono@v3.10.0-rc.2/middleware/etag/index.ts": "4ad675e108dc98dccca0e9e35cd903701669a1aea676b8b51266c3b602e4d54c",
    "https://deno.land/x/hono@v3.10.0-rc.2/middleware/jsx-renderer/index.ts": "3964da562ce2c6275d8027192325ee2b6060472d5502dcb16d0783033162e1ba",
    "https://deno.land/x/hono@v3.10.0-rc.2/middleware/jwt/index.ts": "c6e02a94a3911299d21392b3b1f8710bda7cacf0d60db59c0e2f0d9fa8ff1a70",
    "https://deno.land/x/hono@v3.10.0-rc.2/middleware/logger/index.ts": "c139f372f482baeffbad68b14bef990e011fe8df578dcee71fb612ffad7fe748",
    "https://deno.land/x/hono@v3.10.0-rc.2/middleware/powered-by/index.ts": "c36b7a3d1322c6a37f3d1510f7ff04a85aa6cacfac2173e5f1913eb16c3cc869",
    "https://deno.land/x/hono@v3.10.0-rc.2/middleware/pretty-json/index.ts": "f6967ceecdb42c95ddd5e2e7bc8545d3e8bda111fa659f3f1336b2e6fe6b0bb0",
    "https://deno.land/x/hono@v3.10.0-rc.2/middleware/secure-headers/index.ts": "d2b8a7978e3d201ead5ac8fd22e3adc9094189aebcba0d9cd51b98773927a5d5",
    "https://deno.land/x/hono@v3.10.0-rc.2/middleware/timing/index.ts": "d6976a07d9d51a7b26dae1311fe51d0744f7d234498bac3fe024ec7088c0ca47",
    "https://deno.land/x/hono@v3.10.0-rc.2/mod.ts": "90114a97be9111b348129ad0143e764a64921f60dd03b8f3da529db98a0d3a82",
    "https://deno.land/x/hono@v3.10.0-rc.2/request.ts": "52330303dd7a3bf4f580fde0463ba608bc4c88a8b7b5edd7c1327064c7cf65ce",
    "https://deno.land/x/hono@v3.10.0-rc.2/router.ts": "39d573f48baee429810cd583c931dd44274273c30804d538c86967d310ea4ab5",
    "https://deno.land/x/hono@v3.10.0-rc.2/router/linear-router/index.ts": "8a2a7144c50b1f4a92d9ee99c2c396716af144c868e10608255f969695efccd0",
    "https://deno.land/x/hono@v3.10.0-rc.2/router/linear-router/router.ts": "bc63e8b5bc1dabc815306d50bebd1bb5877ffa3936ba2ad7550d093c95ee6bd1",
    "https://deno.land/x/hono@v3.10.0-rc.2/router/pattern-router/index.ts": "304a66c50e243872037ed41c7dd79ed0c89d815e17e172e7ad7cdc4bc07d3383",
    "https://deno.land/x/hono@v3.10.0-rc.2/router/pattern-router/router.ts": "a9a5a2a182cce8c3ae82139892cc0502be7dd8f579f31e76d0302b19b338e548",
    "https://deno.land/x/hono@v3.10.0-rc.2/router/reg-exp-router/index.ts": "52755829213941756159b7a963097bafde5cc4fc22b13b1c7c9184dc0512d1db",
    "https://deno.land/x/hono@v3.10.0-rc.2/router/reg-exp-router/node.ts": "5b3fb80411db04c65df066e69fedb2c8c0844753c2633d703336de84d569252c",
    "https://deno.land/x/hono@v3.10.0-rc.2/router/reg-exp-router/router.ts": "fbe8917aa24fe25d0208bfa82ce7f49ba0507f9ae158d4d0c177f6a061b0a561",
    "https://deno.land/x/hono@v3.10.0-rc.2/router/reg-exp-router/trie.ts": "852ce7207e6701e47fa30889a0d2b8bfcd56d8862c97e7bc9831e0a64bd8835f",
    "https://deno.land/x/hono@v3.10.0-rc.2/router/smart-router/index.ts": "74f9b4fe15ea535900f2b9b048581915f12fe94e531dd2b0032f5610e61c3bef",
    "https://deno.land/x/hono@v3.10.0-rc.2/router/smart-router/router.ts": "71979c06b32b093960a6e8efc4c185e558f280bff18846b8b1cdc757ade6ff99",
    "https://deno.land/x/hono@v3.10.0-rc.2/router/trie-router/index.ts": "3eb75e7f71ba81801631b30de6b1f5cefb2c7239c03797e2b2cbab5085911b41",
    "https://deno.land/x/hono@v3.10.0-rc.2/router/trie-router/node.ts": "3af15fa9c9994a8664a2b7a7c11233504b5bb9d4fcf7bb34cf30d7199052c39f",
    "https://deno.land/x/hono@v3.10.0-rc.2/router/trie-router/router.ts": "54ced78d35676302c8fcdda4204f7bdf5a7cc907fbf9967c75674b1e394f830d",
    "https://deno.land/x/hono@v3.10.0-rc.2/utils/body.ts": "7a16a6656331a96bcae57642f8d5e3912bd361cbbcc2c0d2157ecc3f218f7a92",
    "https://deno.land/x/hono@v3.10.0-rc.2/utils/buffer.ts": "9066a973e64498cb262c7e932f47eed525a51677b17f90893862b7279dc0773e",
    "https://deno.land/x/hono@v3.10.0-rc.2/utils/cookie.ts": "19920ba6756944aae1ad8585c3ddeaa9df479733f59d05359db096f7361e5e4b",
    "https://deno.land/x/hono@v3.10.0-rc.2/utils/crypto.ts": "bda0e141bbe46d3a4a20f8fbcb6380d473b617123d9fdfa93e4499410b537acc",
    "https://deno.land/x/hono@v3.10.0-rc.2/utils/encode.ts": "3b7c7d736123b5073542b34321700d4dbf5ff129c138f434bb2144a4d425ee89",
    "https://deno.land/x/hono@v3.10.0-rc.2/utils/filepath.ts": "18461b055a914d6da85077f453051b516281bb17cf64fa74bf5ef604dc9d2861",
    "https://deno.land/x/hono@v3.10.0-rc.2/utils/html.ts": "9dac0ef4014170bbd387c20913e60d6f506ecd95ba931c0e5a86e50962c118fe",
    "https://deno.land/x/hono@v3.10.0-rc.2/utils/jwt/index.ts": "5e4b82a42eb3603351dfce726cd781ca41cb57437395409d227131aec348d2d5",
    "https://deno.land/x/hono@v3.10.0-rc.2/utils/jwt/jwt.ts": "02ff7bbf1298ffcc7a40266842f8eac44b6c136453e32d4441e24d0cbfba3a95",
    "https://deno.land/x/hono@v3.10.0-rc.2/utils/jwt/types.ts": "58ddf908f76ba18d9c62ddfc2d1e40cc2e306bf987409a6169287efa81ce2546",
    "https://deno.land/x/hono@v3.10.0-rc.2/utils/mime.ts": "0105d2b5e8e91f07acc70f5d06b388313995d62af23c802fcfba251f5a744d95",
    "https://deno.land/x/hono@v3.10.0-rc.2/utils/stream.ts": "1789dcc73c5b0ede28f83d7d34e47ae432c20e680907cb3275a9c9187f293983",
    "https://deno.land/x/hono@v3.10.0-rc.2/utils/url.ts": "5fc3307ef3cb2e6f34ec2a03e3d7f2126c6a9f5f0eab677222df3f0e40bd7567",
    "https://deno.land/x/hono@v3.10.0-rc.2/validator/index.ts": "6c986e8b91dcf857ecc8164a506ae8eea8665792a4ff7215471df669c632ae7c",
    "https://deno.land/x/hono@v3.10.0-rc.2/validator/validator.ts": "afa5e52495e0996fbba61996736fab5c486590d72d376f809e9f9ff4e0c463e9",
    "https://deno.land/x/hono@v3.10.0/client/client.ts": "ff340f58041203879972dd368b011ed130c66914f789826610869a90603406bf",
    "https://deno.land/x/hono@v3.10.0/client/index.ts": "3ff4cf246f3543f827a85a2c84d66a025ac350ee927613629bda47e854bfb7ba",
    "https://deno.land/x/hono@v3.10.0/client/utils.ts": "053273c002963b549d38268a1b423ac8ca211a8028bdab1ed0b781a62aa5e661",
    "https://deno.land/x/hono@v3.10.0/helper.ts": "6d7da509bdb47369d1a41f37bdf789d17c452f63df4e2b5c3966be5573f243a8",
    "https://deno.land/x/hono@v3.10.0/helper/adapter/index.ts": "eea9b4caedbfa3a3b4a020bf46c88c0171a00008cd6c10708cd85a3e39d86e62",
    "https://deno.land/x/hono@v3.10.0/helper/cookie/index.ts": "55ccd20bbd8d9a8bb2ecd998e90845c1d306c19027f54b3d1b89a5be35968b80",
    "https://deno.land/x/hono@v3.10.0/helper/factory/index.ts": "455c49b380d74ad924a72fd3c645c25d738295c576b20e7ce3bf95f17db302c1",
    "https://deno.land/x/hono@v3.10.0/helper/html/index.ts": "aba19e8d29f217c7fffa5719cf606c4e259b540d51296e82bbea3c992e2ecbc6",
    "https://deno.land/x/hono@v3.10.0/helper/streaming/index.ts": "90dd4424d8d8271efd602ab7a8fcc0539a1573c98ee03e4c910bc0bbd7d20f27",
    "https://deno.land/x/hono@v3.10.0/helper/testing/index.ts": "bc49c049aa0d6426417e3d1a2f52a471a09edb1fb8610b7545eae1968e7d7874",
    "https://deno.land/x/hono@v3.10.0/utils/cookie.ts": "19920ba6756944aae1ad8585c3ddeaa9df479733f59d05359db096f7361e5e4b",
    "https://deno.land/x/hono@v3.10.0/utils/html.ts": "01c1520a4256f899da1954357cf63ae11c348eda141a505f72d7090cf5481aba",
    "https://deno.land/x/hono@v3.10.0/utils/stream.ts": "1789dcc73c5b0ede28f83d7d34e47ae432c20e680907cb3275a9c9187f293983",
    "https://deno.land/x/hono@v3.10.0/utils/url.ts": "5fc3307ef3cb2e6f34ec2a03e3d7f2126c6a9f5f0eab677222df3f0e40bd7567",
    "https://deno.land/x/oak@v12.6.0/application.ts": "3028d3f6fa5ee743de013881550d054372c11d83c45099c2d794033786d27008",
    "https://deno.land/x/oak@v12.6.0/body.ts": "1899761b97fc9d776f3710b2637fb047ba29b968609afc6c0e5219b1108e703c",
    "https://deno.land/x/oak@v12.6.0/buf_reader.ts": "26640736541598dbd9f2b84a9d0595756afff03c9ca55b66eef1911f7798b56d",
    "https://deno.land/x/oak@v12.6.0/content_disposition.ts": "8b8c3cb2fba7138cd5b7f82fc3b5ea39b33db924a824b28261659db7e164621e",
    "https://deno.land/x/oak@v12.6.0/context.ts": "895a2d40186b89c28ba3947bf08a9335f1a11fc33133f760082536b74c53d1ca",
    "https://deno.land/x/oak@v12.6.0/deps.ts": "6c601cd79f39489ad37d87587ad0c6fe53d838946ffa5a3e7e9600e7a01dc6d9",
    "https://deno.land/x/oak@v12.6.0/etag.ts": "32e47726b41698aefdd71faac5aaf2907c9bdd41ef18a7693863be4f8fee115d",
    "https://deno.land/x/oak@v12.6.0/forwarded.ts": "e656f96a85574e2a6ee54dc35efc9f72d543c9ae0923760ef426ee7369eef01c",
    "https://deno.land/x/oak@v12.6.0/headers.ts": "769fd042d34fbcd5667cbd745b5c65d335cc8430e822dbf1f87d65313cab4b47",
    "https://deno.land/x/oak@v12.6.0/helpers.ts": "6b03c6a2be06ec775d54449e442a2bac234aa952948ca758356eab6dc87af618",
    "https://deno.land/x/oak@v12.6.0/http_server_native.ts": "6232bed3d7bc17136d1a7f7685a6f8a79c943694463f71cf743eac58e75ec34c",
    "https://deno.land/x/oak@v12.6.0/http_server_native_request.ts": "552b174b5e13e92de8897d5b6f716b1e5a53543115481d65a651a41e4ca29ec9",
    "https://deno.land/x/oak@v12.6.0/isMediaType.ts": "62d638abcf837ece3a8f07a4b7ca59794135cb0d4b73194c7d5837efd4161005",
    "https://deno.land/x/oak@v12.6.0/mediaTyper.ts": "042b853fc8e9c3f6c628dd389e03ef481552bf07242efc3f8a1af042102a6105",
    "https://deno.land/x/oak@v12.6.0/middleware.ts": "c7f7a0424a6dd99a00e4b8d7d6e131efc0facc8dea781845d713b63df8ef1862",
    "https://deno.land/x/oak@v12.6.0/middleware/proxy.ts": "6f2799cf60d926e7a8d13ff757a59d7f0f930407db7ee9b81e7c064138eb89ff",
    "https://deno.land/x/oak@v12.6.0/mod.ts": "f6aa47ad1b6099470c9a884cccad9d3ac0fd242ba940896291ab76cd26cf554b",
    "https://deno.land/x/oak@v12.6.0/multipart.ts": "1484e01b98f5135f2aa09f7d0ce1e7be39109bf9f045ac660e941619d04e3d29",
    "https://deno.land/x/oak@v12.6.0/range.ts": "1ca15fc1ac21c650c34e6997a75af2af9d9d8eb6fe2d5d1dadeac3dfd4a9c152",
    "https://deno.land/x/oak@v12.6.0/request.ts": "794e5e12c2d369c2b8a6c998be5ca96c6e0315cae73069b85bc537901811073c",
    "https://deno.land/x/oak@v12.6.0/response.ts": "7172285e58947057f36d6536b52a9cdffbdb03616555fa8e94b87f469a105f8a",
    "https://deno.land/x/oak@v12.6.0/router.ts": "0f53d6249f9e8f89f2522b2b810b9302d0f22593c184b16b24b03bf2b7d42ea1",
    "https://deno.land/x/oak@v12.6.0/send.ts": "5ec49f106294593f468317a0c885da4f3274bf6d0fe9e16a7304391730b4f4fb",
    "https://deno.land/x/oak@v12.6.0/structured_clone.ts": "c3888b14d1eec558345bfbf13d0993d59bd45aaa8588444e35dd558c3a921cd8",
    "https://deno.land/x/oak@v12.6.0/testing.ts": "37d684d57bb8e5150fb5eb2677e66b04dcb422709cf2c5a74c1df94d52aa02e2",
    "https://deno.land/x/oak@v12.6.0/util.ts": "0a3fdffb114859c2de84e1783efa3a544af4d2af8c6f08e0d25655de9d3e69bb",
    "https://deno.land/x/path_to_regexp@v6.2.1/index.ts": "894060567837bae8fc9c5cbd4d0a05e9024672083d5883b525c031eea940e556",
    "https://esm.sh/@tigrisdata/core@1.3.0": "e697806469a6ea71eb14e294202fe0d48157276122592d6469382117e811f8f8",
    "https://esm.sh/kysely-paginate@0.2.0": "f32d8f0e9b6d3852567ebd7dc50ed37b1f676f401e8e5a3e98d9ff849663b8ff",
    "https://esm.sh/kysely-planetscale@1.4.0": "1ee9cd61ecf1021f3aa0e2f02d7a00f00a94827a1b765312b00d9e0f87c8493c",
    "https://esm.sh/kysely@0.26.3": "ecce20959a94b03bb88c485ded9a3839365ac47d02889588233318c07b7b0779",
    "https://esm.sh/podcast-partytime@4.6.1": "79683c5b4f27faa51216ac6bc3a59088ac6a93db58fbee677d59fcd597b61824",
    "https://esm.sh/v131/@babel/runtime@7.22.10/denonext/helpers/esm/assertThisInitialized.js": "44e4798b035eadebc9c5b4104127b18b2ddddc5409a1f657bd9fbc5a5a978ea5",
    "https://esm.sh/v131/@babel/runtime@7.22.10/denonext/helpers/esm/classCallCheck.js": "e4a63c255470e55f84ab363b22719a5bbea351c4259c78f73a48efed3f349add",
    "https://esm.sh/v131/@babel/runtime@7.22.10/denonext/helpers/esm/createClass.js": "f58cc090683a5b9eda10bb19b98eecc45386dc496cf6500b398b9ef1b919de7e",
    "https://esm.sh/v131/@babel/runtime@7.22.10/denonext/helpers/esm/createForOfIteratorHelper.js": "908e5ca1bf42d64dbc58e08580248ca30ce7b6db70256c6f6b0100ed62a05662",
    "https://esm.sh/v131/@babel/runtime@7.22.10/denonext/helpers/esm/createSuper.js": "f0fef08b28bda0115cfe4cef7e09ab1aef371b7e55ec8ffd071941d7f2a624db",
    "https://esm.sh/v131/@babel/runtime@7.22.10/denonext/helpers/esm/defineProperty.js": "60ec428b3cfb0ffceb15682d7e358fcfe5012c007e39cdec468da63a0df5cf6b",
    "https://esm.sh/v131/@babel/runtime@7.22.10/denonext/helpers/esm/inherits.js": "e73c83cfb7833d314565dea817ffb2ead10612ce56100751a6c6f4b8c34f2d41",
    "https://esm.sh/v131/@babel/runtime@7.22.10/denonext/helpers/esm/typeof.js": "2ab3450a68a7b14623556687352b5e50a2f9f3c15422d6745ece62b1328a9929",
    "https://esm.sh/v131/@planetscale/database@1.11.0/denonext/database.mjs": "872de359985d141ab4d55c643397317bef374b04d3485948ab0bcc75d6bfad83",
    "https://esm.sh/v131/date-fns@2.30.0/denonext/date-fns.mjs": "f99a8463bf7513ac680f665e1adbf4f318048461a97c590f4d5ec01782fc1d86",
    "https://esm.sh/v131/dotenv@10.0.0/denonext/dotenv.mjs": "b239d01a9bc1240024468e63ea77cfdd0fc83116e39e55ca28ef43043cdf9ab9",
    "https://esm.sh/v131/fast-xml-parser@3.21.1/denonext/fast-xml-parser.mjs": "1f3f031861392d67322817427c22a46c191c54fa20dc5ca218a92443c96f3eab",
    "https://esm.sh/v131/he@1.2.0/denonext/he.mjs": "1ffb3a2e1892578e01267fda4b32f30dd0b4b3be7393fe239b0ea30cf1d654c7",
    "https://esm.sh/v131/kysely-planetscale@1.4.0/denonext/kysely-planetscale.mjs": "757c870fcd7f6c8f10a1abae998dbdf7ea9165d58f70039970b62611fd05dca1",
    "https://esm.sh/v131/kysely@0.26.3/denonext/kysely.mjs": "58f0c9d0f8b3327231b05d944576739a73e131055ce1bebb940a3292ab22b4bd",
    "https://esm.sh/v131/node_fetch.js": "eb4be18bc6ed9f45aacb943cc12e2d9a7dff73537dc6155b96e8c7ab3f79b6ba",
    "https://esm.sh/v131/pino@7.11.0/denonext/pino.mjs": "63f11049be4c009b22ac72001a9b1fbdf2b72afbf32ed80c23497de7fbad4a1b",
    "https://esm.sh/v131/podcast-partytime@4.6.1/denonext/podcast-partytime.mjs": "b565770afeaf4e6af66e2e4f6ccd4dbd2c4d9ee34dfd13ed9c8fe58e42b18507",
    "https://esm.sh/v131/quick-format-unescaped@4.0.4/denonext/quick-format-unescaped.mjs": "8d809d8d3f13d10e7f9e5f119af5d73ebb533999cb8f35f88aa4f4dc9fba2662",
    "https://esm.sh/v131/ramda@0.27.2/denonext/src/concat.js": "cfa2c25a25febf2a5c24c5252732f738572805fb965f4e29456d03d58506034c",
    "https://esm.sh/v131/ramda@0.27.2/denonext/src/mergeDeepRight.js": "2c13947dbca7fb670f92d8b1a94e811e774d7686d88bfceb38f42fa1d3fdb1f4",
    "https://esm.sh/v131/ramda@0.27.2/denonext/src/mergeWith.js": "638013668419e8e81cf61fe0c76ae7078522b2af1a376662bbea7b5d1feeb892",
    "https://esm.sh/v131/ramda@0.27.2/denonext/src/zip.js": "486ce57b52304daef375f62508ba382234aafe7703ec45aa2dbdec097b079200",
    "https://esm.sh/v131/strnum@1.0.5/denonext/strnum.mjs": "1ffef4adec2f74139e36a2bfed8381880541396fe1c315779fb22e081b17468b",
    "https://esm.sh/v132/kysely-paginate@0.2.0/denonext/kysely-paginate.mjs": "2170f95513643946bf9dc41afbebe8edecb21c7e598dc9d07e0b9854462e6fdd",
    "https://esm.sh/v132/kysely@0.24.2/denonext/kysely.mjs": "f83a4e05076be7c6c4234030a6bd59fbf1ddc8ac3280a330dcae21c238046fd4",
    "https://esm.sh/v133/@grpc/grpc-js@1.9.9/denonext/build/src/constants.js": "7e7d23f1d4573e1e28459b9164da07a7c251d1ee5ee5bc8a7f3161e2729a45c2",
    "https://esm.sh/v133/@grpc/grpc-js@1.9.9/denonext/grpc-js.mjs": "c032d81c3c93f5cee35b6db0882af44227eeeaec344771c779cb01882fd4420b",
    "https://esm.sh/v133/@grpc/proto-loader@0.7.10/denonext/proto-loader.mjs": "2921f0574e93e42fb6befa8656427cee7c9d73869e00c01f581b0fd4e6527420",
    "https://esm.sh/v133/@protobufjs/aspromise@1.1.2/denonext/aspromise.mjs": "3d83037425036ea5fa83a5893059b313e9197af8b1ba84f775ac05e6df7736e4",
    "https://esm.sh/v133/@protobufjs/base64@1.1.2/denonext/base64.mjs": "acea461f17e7d0f813b08a633809c6810dc592b28a9eb26dba0b8f1b7af911b8",
    "https://esm.sh/v133/@protobufjs/codegen@2.0.4/denonext/codegen.mjs": "2cd98d35edba82c53dc7e96036c2dc4080f058e3c94c340e4c559a5d83bdeff5",
    "https://esm.sh/v133/@protobufjs/eventemitter@1.1.0/denonext/eventemitter.mjs": "0299224895b8f43109b42926a0ee2dadd6138e638445327585107a8cc82f6a17",
    "https://esm.sh/v133/@protobufjs/fetch@1.1.0/denonext/fetch.mjs": "74543a90f8e2e8bb6751b3d90c59846af6557b5c9d686fd2cc54e5427c4428fd",
    "https://esm.sh/v133/@protobufjs/float@1.0.2/denonext/float.mjs": "af49a1cdbb9b232cdef5f8a772e04bf4628671873bd39ca33a9dd9ffd0115dea",
    "https://esm.sh/v133/@protobufjs/inquire@1.1.0/denonext/inquire.mjs": "5920ac62d435331221345c39a263ceb1d2f8711df73cb5af89ccd41074fcc82a",
    "https://esm.sh/v133/@protobufjs/path@1.1.2/denonext/path.mjs": "0c5e2f8b6b186e358d8fdb94a46f54fc18b3b53cb5fc82e18dd9b041858e4d7e",
    "https://esm.sh/v133/@protobufjs/pool@1.1.0/denonext/pool.mjs": "01b3d9ea0df1fefa04eae55ea83d2a8198cfcb3e6dbfac15a8bf37cfc80abd19",
    "https://esm.sh/v133/@protobufjs/utf8@1.1.0/denonext/utf8.mjs": "52b7bc421bad149db24d90d8ac5364f2c9f9766e5449fd266d5edf04b2669f23",
    "https://esm.sh/v133/@tigrisdata/core@1.3.0/denonext/core.mjs": "00977dacc426353573e38d27554375755987dcea7362471dee38df094d17a0ca",
    "https://esm.sh/v133/ansi-styles@4.3.0/denonext/ansi-styles.mjs": "6e216e132328ffddf32100c966df3056bdec36c9c7e5b181cb89f1768ad4a15f",
    "https://esm.sh/v133/app-root-path@3.1.0/denonext/app-root-path.mjs": "07b8bfe6a7401601cf5be62a0439392149430370d1d774c49e03c735af7e2187",
    "https://esm.sh/v133/bignumber.js@9.1.2/denonext/bignumber.mjs": "881ca4ea8416ac1357be523dd209ad771bc9fa3c41b881ddae76592491a7007f",
    "https://esm.sh/v133/chalk@4.1.2/denonext/chalk.mjs": "0b670dc9a4a1ec22bb8b967f1e961515d194c9aba9d3b9a7bd5aa59a4202b2ed",
    "https://esm.sh/v133/color-convert@2.0.1/denonext/color-convert.mjs": "16320202b35638f672d36e9403d91d0c1f6415837935e2d39c980abd9599440d",
    "https://esm.sh/v133/color-name@1.1.4/denonext/color-name.mjs": "88abd3b0b19ef92d342221b38dc51760a4bab4540308c2dcb9db3c2cc68e5986",
    "https://esm.sh/v133/dotenv@16.3.1/denonext/dotenv.mjs": "3d22bd52da28eccf1602a038b8af57e9318bc8f690f1f4f1f7dbc5a0e703cf17",
    "https://esm.sh/v133/google-protobuf@3.21.2/denonext/google-protobuf.mjs": "91375fc00119183dad300f80eeccad49ea6a80578a7e2fdb911a3b5ddad70fff",
    "https://esm.sh/v133/google-protobuf@3.21.2/denonext/google/protobuf/any_pb.js": "947bda2ce9e9ca30779081dbe81ebed72f918ef3883e2c78a8afa2f76103f3e5",
    "https://esm.sh/v133/google-protobuf@3.21.2/denonext/google/protobuf/descriptor_pb.js": "2d2d9416f0bc7ed81b1fe3c2487af2507f4e5eebee19bdd5b9b59d669f51b14f",
    "https://esm.sh/v133/google-protobuf@3.21.2/denonext/google/protobuf/timestamp_pb.js": "2c8a7f4b50b9264f776fa2378ae34b4834ca805b06f214ac4908c8e3a46796fe",
    "https://esm.sh/v133/json-bigint@1.0.0/denonext/json-bigint.mjs": "fdbde2e8b3b23b9924676c1f013e59db2f184684d34fea5331a74444708b787a",
    "https://esm.sh/v133/lodash.camelcase@4.3.0/denonext/lodash.camelcase.mjs": "c3b2eb07ab6b9e67ab8817142bc8d73a8ee513a80c2f0daadf1d85a843799ba4",
    "https://esm.sh/v133/long@5.2.3/denonext/long.mjs": "e4f27a0335d0918f38a8d89fd4d1451230a47482b944d82aaa29c083c747d630",
    "https://esm.sh/v133/protobufjs@7.2.5/denonext/ext/descriptor.js": "4cb1480dfb264b9e7f66b687e9973018c7c1b1c9d40c490b8d3d120f586022b3",
    "https://esm.sh/v133/protobufjs@7.2.5/denonext/protobufjs.mjs": "f8997123f0c52730eeb9ff71df94514757b29a616dd99e1be5b49be117a1556e",
    "https://esm.sh/v133/reflect-metadata@0.1.13/denonext/reflect-metadata.mjs": "966ba96ac64a43fcbd49a3083fc7a21c4b49839d8b6645ffab02be209fa67d93",
    "https://esm.sh/v133/supports-color@7.2.0/denonext/supports-color.mjs": "bfb8afea23acbb340e2982642a097ac1114d9cb53db101c6e54e5f1dbc51acfd"
  }
}
